# This file is automatically @generated by Cargo.
# It is not intended for manual editing.
version = 3

[[package]]
name = "anyhow"
version = "1.0.93"
source = "registry+https://github.com/rust-lang/crates.io-index"
checksum = "4c95c10ba0b00a02636238b814946408b1322d5ac4760326e6fb8ec956d85775"

[[package]]
name = "xml-parser"
version = "0.1.0"
dependencies = [
 "anyhow",
 "xmltree",
]

[[package]]
name = "xml-rs"
version = "0.8.23"
source = "registry+https://github.com/rust-lang/crates.io-index"
checksum = "af310deaae937e48a26602b730250b4949e125f468f11e6990be3e5304ddd96f"

[[package]]
name = "xmltree"
version = "0.11.0"
source = "registry+https://github.com/rust-lang/crates.io-index"
checksum = "b619f8c85654798007fb10afa5125590b43b088c225a25fc2fec100a9fad0fc6"
dependencies = [
 "xml-rs",
]
